Microsoft Visual Studio Solution File, Format Version 12.00
# Visual Studio Version 17
VisualStudioVersion = 17.10.35027.167
MinimumVisualStudioVersion = 10.0.40219.1
Project("{2150E333-8FDC-42A3-9474-1A3956D46DE8}") = "Solution Items", "Solution Items", "{1757B961-00EB-435E-AB7F-ADA088482F37}"
	ProjectSection(SolutionItems) = preProject
		.github\workflows\dotnet.yml = .github\workflows\dotnet.yml
	EndProjectSection
EndProject
Project("{FAE04EC0-301F-11D3-BF4B-00C04F79EFBC}") = "OliveStudio.StateMachine", "OliveStudio.State\OliveStudio.StateMachine.csproj", "{8137D88F-F07D-50A8-35A2-2ED9F6744E66}"
EndProject
Project("{FAE04EC0-301F-11D3-BF4B-00C04F79EFBC}") = "OliveStudio.StateMachine.Tests", "OliveStudio.State.Tests\OliveStudio.StateMachine.Tests.csproj", "{388C2C45-1B75-6D60-5CAC-9CF4950D18ED}"
EndProject
Global
	GlobalSection(SolutionConfigurationPlatforms) = preSolution
		Debug|Any CPU = Debug|Any CPU
		Release|Any CPU = Release|Any CPU
	EndGlobalSection
	GlobalSection(ProjectConfigurationPlatforms) = postSolution
		{8137D88F-F07D-50A8-35A2-2ED9F6744E66}.Debug|Any CPU.ActiveCfg = Debug|Any CPU
		{8137D88F-F07D-50A8-35A2-2ED9F6744E66}.Debug|Any CPU.Build.0 = Debug|Any CPU
		{8137D88F-F07D-50A8-35A2-2ED9F6744E66}.Release|Any CPU.ActiveCfg = Release|Any CPU
		{8137D88F-F07D-50A8-35A2-2ED9F6744E66}.Release|Any CPU.Build.0 = Release|Any CPU
		{388C2C45-1B75-6D60-5CAC-9CF4950D18ED}.Debug|Any CPU.ActiveCfg = Debug|Any CPU
		{388C2C45-1B75-6D60-5CAC-9CF4950D18ED}.Debug|Any CPU.Build.0 = Debug|Any CPU
		{388C2C45-1B75-6D60-5CAC-9CF4950D18ED}.Release|Any CPU.ActiveCfg = Release|Any CPU
		{388C2C45-1B75-6D60-5CAC-9CF4950D18ED}.Release|Any CPU.Build.0 = Release|Any CPU
	EndGlobalSection
	GlobalSection(SolutionProperties) = preSolution
		HideSolutionNode = FALSE
	EndGlobalSection
	GlobalSection(ExtensibilityGlobals) = postSolution
		SolutionGuid = {7D25D4C6-E7A0-4490-8BDE-9076CA666008}
	EndGlobalSection
EndGlobal
