Microsoft Visual Studio Solution File, Format Version 12.00
# 17
VisualStudioVersion = 17.10.35027.167
MinimumVisualStudioVersion = 10.0.40219.1
Project("{9A19103F-16F7-4668-BE54-9A1E7A4F7556}") = "Utility.State", "Utility.State\Utility.State.csproj", "{92066B9B-BD64-4319-897E-D0FD0E680F27}"
EndProject
Project("{FAE04EC0-301F-11D3-BF4B-00C04F79EFBC}") = "Utility.State.Tests", "Utility.State.Tests\Utility.State.Tests.csproj", "{A1187693-EAF8-49EC-91D6-685C452F527E}"
EndProject
Project("{2150E333-8FDC-42A3-9474-1A3956D46DE8}") = "Solution Items", "Solution Items", "{1757B961-00EB-435E-AB7F-ADA088482F37}"
	ProjectSection(SolutionItems) = preProject
		.github\workflows\dotnet.yml = .github\workflows\dotnet.yml
	EndProjectSection
EndProject
Global
	GlobalSection(SolutionConfigurationPlatforms) = preSolution
		Debug|Any CPU = Debug|Any CPU
		Release|Any CPU = Release|Any CPU
	EndGlobalSection
	GlobalSection(ProjectConfigurationPlatforms) = postSolution
		{92066B9B-BD64-4319-897E-D0FD0E680F27}.Debug|Any CPU.ActiveCfg = Debug|Any CPU
		{92066B9B-BD64-4319-897E-D0FD0E680F27}.Debug|Any CPU.Build.0 = Debug|Any CPU
		{92066B9B-BD64-4319-897E-D0FD0E680F27}.Release|Any CPU.ActiveCfg = Release|Any CPU
		{92066B9B-BD64-4319-897E-D0FD0E680F27}.Release|Any CPU.Build.0 = Release|Any CPU
		{A1187693-EAF8-49EC-91D6-685C452F527E}.Debug|Any CPU.ActiveCfg = Debug|Any CPU
		{A1187693-EAF8-49EC-91D6-685C452F527E}.Debug|Any CPU.Build.0 = Debug|Any CPU
		{A1187693-EAF8-49EC-91D6-685C452F527E}.Release|Any CPU.ActiveCfg = Release|Any CPU
		{A1187693-EAF8-49EC-91D6-685C452F527E}.Release|Any CPU.Build.0 = Release|Any CPU
	EndGlobalSection
	GlobalSection(SolutionProperties) = preSolution
		HideSolutionNode = FALSE
	EndGlobalSection
	GlobalSection(ExtensibilityGlobals) = postSolution
		SolutionGuid = {7D25D4C6-E7A0-4490-8BDE-9076CA666008}
	EndGlobalSection
EndGlobal
